
Microsoft Visual Studio Solution File, Format Version 12.00
# Visual Studio 15
VisualStudioVersion = 15.0.28307.902
MinimumVisualStudioVersion = 10.0.40219.1
Project("{FAE04EC0-301F-11D3-BF4B-00C04F79EFBC}") = "BIKECOWEBSITE", "BIKECOWEBSITE\BIKECOWEBSITE.csproj", "{07B7BA38-1017-45F4-B5D7-96CF1AAD7EE1}"
EndProject
Global
	GlobalSection(SolutionConfigurationPlatforms) = preSolution
		Debug|Any CPU = Debug|Any CPU
		Release|Any CPU = Release|Any CPU
	EndGlobalSection
	GlobalSection(ProjectConfigurationPlatforms) = postSolution
		{07B7BA38-1017-45F4-B5D7-96CF1AAD7EE1}.Debug|Any CPU.ActiveCfg = Debug|Any CPU
		{07B7BA38-1017-45F4-B5D7-96CF1AAD7EE1}.Debug|Any CPU.Build.0 = Debug|Any CPU
		{07B7BA38-1017-45F4-B5D7-96CF1AAD7EE1}.Release|Any CPU.ActiveCfg = Release|Any CPU
		{07B7BA38-1017-45F4-B5D7-96CF1AAD7EE1}.Release|Any CPU.Build.0 = Release|Any CPU
	EndGlobalSection
	GlobalSection(SolutionProperties) = preSolution
		HideSolutionNode = FALSE
	EndGlobalSection
	GlobalSection(ExtensibilityGlobals) = postSolution
		SolutionGuid = {D7D3DDA3-127B-47EE-943B-8533163834B0}
	EndGlobalSection
EndGlobal
